# generated by rye
# use `rye lock` or `rye sync` to update this lockfile
#
# last locked with the following flags:
#   pre: false
#   features: []
#   all-features: false
#   with-sources: false
#   generate-hashes: false
#   universal: false

-e file:.
coverage==7.6.4
    # via pytest-cov
iniconfig==2.0.0
    # via pytest
nodeenv==1.9.1
    # via pyright
packaging==24.1
    # via pytest
pluggy==1.5.0
    # via pytest
pyright==1.1.385
pytest==8.3.3
    # via pytest-cov
pytest-cov==5.0.0
typing-extensions==4.12.2
    # via pyright
